{
  "version": 4,
  "terraform_version": "0.12.5",
  "serial": 54,
  "lineage": "2945b3ae-e1ad-2b36-911f-a15c7d3f4a3b",
  "outputs": {},
  "resources": [
    {
      "mode": "data",
      "type": "aws_caller_identity",
      "name": "current",
      "provider": "provider.aws",
      "instances": [
        {
          "schema_version": 0,
          "attributes": {
            "account_id": "364350264218",
            "arn": "arn:aws:iam::364350264218:user/terraform-serverless",
            "id": "2019-07-29 22:47:12.71311 +0000 UTC",
            "user_id": "AIDAVJVHX2ONBEP7ASOOE"
          }
        }
      ]
    },
    {
      "module": "module.bookings",
      "mode": "managed",
      "type": "aws_dynamodb_table",
      "name": "bookings",
      "provider": "provider.aws",
      "instances": [
        {
          "schema_version": 1,
          "attributes": {
            "arn": "arn:aws:dynamodb:us-east-1:364350264218:table/prod-bookings",
            "attribute": [
              {
                "name": "id",
                "type": "S"
              }
            ],
            "billing_mode": "PROVISIONED",
            "global_secondary_index": [],
            "hash_key": "id",
            "id": "prod-bookings",
            "local_secondary_index": [],
            "name": "prod-bookings",
            "point_in_time_recovery": [
              {
                "enabled": false
              }
            ],
            "range_key": null,
            "read_capacity": 1,
            "server_side_encryption": [],
            "stream_arn": "arn:aws:dynamodb:us-east-1:364350264218:table/prod-bookings/stream/2019-07-29T22:47:19.136",
            "stream_enabled": true,
            "stream_label": "2019-07-29T22:47:19.136",
            "stream_view_type": "NEW_IMAGE",
            "tags": null,
            "timeouts": null,
            "ttl": [
              {
                "attribute_name": "",
                "enabled": false
              }
            ],
            "write_capacity": 1
          },
          "private": "eyJlMmJmYjczMC1lY2FhLTExZTYtOGY4OC0zNDM2M2JjN2M0YzAiOnsiY3JlYXRlIjo2MDAwMDAwMDAwMDAsImRlbGV0ZSI6NjAwMDAwMDAwMDAwLCJ1cGRhdGUiOjM2MDAwMDAwMDAwMDB9LCJzY2hlbWFfdmVyc2lvbiI6IjEifQ=="
        }
      ]
    },
    {
      "module": "module.users",
      "mode": "managed",
      "type": "aws_dynamodb_table",
      "name": "users",
      "provider": "provider.aws",
      "instances": [
        {
          "schema_version": 1,
          "attributes": {
            "arn": "arn:aws:dynamodb:us-east-1:364350264218:table/prod-users",
            "attribute": [
              {
                "name": "email",
                "type": "S"
              },
              {
                "name": "id",
                "type": "S"
              }
            ],
            "billing_mode": "PROVISIONED",
            "global_secondary_index": [
              {
                "hash_key": "email",
                "name": "prod-email-gsi",
                "non_key_attributes": [],
                "projection_type": "ALL",
                "range_key": "",
                "read_capacity": 10,
                "write_capacity": 10
              }
            ],
            "hash_key": "id",
            "id": "prod-users",
            "local_secondary_index": [],
            "name": "prod-users",
            "point_in_time_recovery": [
              {
                "enabled": false
              }
            ],
            "range_key": null,
            "read_capacity": 10,
            "server_side_encryption": [],
            "stream_arn": "",
            "stream_enabled": false,
            "stream_label": "",
            "stream_view_type": "",
            "tags": null,
            "timeouts": null,
            "ttl": [
              {
                "attribute_name": "",
                "enabled": false
              }
            ],
            "write_capacity": 10
          },
          "private": "eyJlMmJmYjczMC1lY2FhLTExZTYtOGY4OC0zNDM2M2JjN2M0YzAiOnsiY3JlYXRlIjo2MDAwMDAwMDAwMDAsImRlbGV0ZSI6NjAwMDAwMDAwMDAwLCJ1cGRhdGUiOjM2MDAwMDAwMDAwMDB9LCJzY2hlbWFfdmVyc2lvbiI6IjEifQ=="
        }
      ]
    },
    {
      "module": "module.users",
      "mode": "managed",
      "type": "aws_dynamodb_table_item",
      "name": "admin",
      "provider": "provider.aws",
      "instances": [
        {
          "schema_version": 0,
          "attributes": {
            "hash_key": "id",
            "id": "prod-users|id||baced545-c672-479d-abff-323a73faw48e6|",
            "item": "{\n  \"id\": {\"S\": \"baced545-c672-479d-abff-323a73faw48e6\"},\n  \"email\": {\"S\": \"admin@suaempresa.com\"},\n  \"password\": {\"S\": \"$2y$10$bdYV2bm/9MLrc.JoNiSSveITzJxyOhUsF1CuDePBdZc0NiO25fmq2\"},\n  \"role\": {\"S\": \"ADMIN\"},\n  \"name\": {\"S\": \"Admin Producao\"}\n}\n",
            "range_key": null,
            "table_name": "prod-users"
          },
          "private": "bnVsbA==",
          "depends_on": [
            "aws_dynamodb_table.users"
          ]
        }
      ]
    },
    {
      "module": "module.bookings",
      "mode": "managed",
      "type": "aws_iam_policy",
      "name": "bookings_stream_consumer_policy",
      "provider": "provider.aws",
      "instances": [
        {
          "schema_version": 0,
          "attributes": {
            "arn": "arn:aws:iam::364350264218:policy/prod-bookings-stream-consumer-policy",
            "description": "",
            "id": "arn:aws:iam::364350264218:policy/prod-bookings-stream-consumer-policy",
            "name": "prod-bookings-stream-consumer-policy",
            "name_prefix": null,
            "path": "/",
            "policy": "{\n  \"Version\": \"2012-10-17\",\n  \"Statement\": [\n    {\n      \"Action\": [\n        \"dynamodb:DescribeStream\",\"dynamodb:GetRecords\",\"dynamodb:GetShardIterator\",\"dynamodb:ListStreams\"\n      ],\n      \"Effect\": \"Allow\",\n      \"Resource\": \"arn:aws:dynamodb:us-east-1:364350264218:table/prod-bookings/stream/2019-07-29T22:47:19.136\"\n    },\n    {\n            \"Effect\": \"Allow\",\n            \"Action\": [\n                \"logs:CreateLogGroup\",\n                \"logs:CreateLogStream\",\n                \"logs:PutLogEvents\"\n            ],\n            \"Resource\": \"*\"\n    }\n    \n    , {\n      \"Action\": [\n        \"sns:Publish\"\n      ],\n      \"Effect\": \"Allow\",\n      \"Resource\": \"arn:aws:sns:us-east-1:364350264218:prod-notifications\"\n    }\n    \n  ]\n} "
          },
          "private": "bnVsbA==",
          "depends_on": [
            "aws_dynamodb_table.bookings"
          ]
        }
      ]
    },
    {
      "module": "module.bookings",
      "mode": "managed",
      "type": "aws_iam_policy",
      "name": "create_booking_policy",
      "provider": "provider.aws",
      "instances": [
        {
          "schema_version": 0,
          "attributes": {
            "arn": "arn:aws:iam::364350264218:policy/prod-create-booking-policy",
            "description": "",
            "id": "arn:aws:iam::364350264218:policy/prod-create-booking-policy",
            "name": "prod-create-booking-policy",
            "name_prefix": null,
            "path": "/",
            "policy": "{\n  \"Version\": \"2012-10-17\",\n  \"Statement\": [\n    {\n      \"Action\": [\n        \"dynamodb:PutItem\"\n      ],\n      \"Effect\": \"Allow\",\n      \"Resource\": \"arn:aws:dynamodb:us-east-1:364350264218:table/prod-bookings\"\n    },\n    {\n            \"Effect\": \"Allow\",\n            \"Action\": [\n                \"logs:CreateLogGroup\",\n                \"logs:CreateLogStream\",\n                \"logs:PutLogEvents\"\n            ],\n            \"Resource\": \"*\"\n    }\n    \n  ]\n} "
          },
          "private": "bnVsbA==",
          "depends_on": [
            "aws_dynamodb_table.bookings"
          ]
        }
      ]
    },
    {
      "module": "module.notifications",
      "mode": "managed",
      "type": "aws_iam_policy",
      "name": "email_policy",
      "provider": "provider.aws",
      "instances": [
        {
          "schema_version": 0,
          "attributes": {
            "arn": "arn:aws:iam::364350264218:policy/prod-email-policy",
            "description": "",
            "id": "arn:aws:iam::364350264218:policy/prod-email-policy",
            "name": "prod-email-policy",
            "name_prefix": null,
            "path": "/",
            "policy": "{\n  \"Version\": \"2012-10-17\",\n  \"Statement\": [\n    {\n      \"Action\": [\n        \"sqs:ReceiveMessage\",\"sqs:DeleteMessage\",\"sqs:GetQueueAttributes\"\n      ],\n      \"Effect\": \"Allow\",\n      \"Resource\": \"arn:aws:sqs:us-east-1:364350264218:prod-email-queue\"\n    },\n    {\n            \"Effect\": \"Allow\",\n            \"Action\": [\n                \"logs:CreateLogGroup\",\n                \"logs:CreateLogStream\",\n                \"logs:PutLogEvents\"\n            ],\n            \"Resource\": \"*\"\n    }\n  ]\n} "
          },
          "private": "bnVsbA==",
          "depends_on": [
            "aws_sqs_queue.email"
          ]
        }
      ]
    },
    {
      "module": "module.bookings",
      "mode": "managed",
      "type": "aws_iam_policy",
      "name": "list_bookings_policy",
      "provider": "provider.aws",
      "instances": [
        {
          "schema_version": 0,
          "attributes": {
            "arn": "arn:aws:iam::364350264218:policy/prod-list-bookings-policy",
            "description": "",
            "id": "arn:aws:iam::364350264218:policy/prod-list-bookings-policy",
            "name": "prod-list-bookings-policy",
            "name_prefix": null,
            "path": "/",
            "policy": "{\n  \"Version\": \"2012-10-17\",\n  \"Statement\": [\n    {\n      \"Action\": [\n        \"dynamodb:Scan\"\n      ],\n      \"Effect\": \"Allow\",\n      \"Resource\": \"arn:aws:dynamodb:us-east-1:364350264218:table/prod-bookings\"\n    },\n    {\n            \"Effect\": \"Allow\",\n            \"Action\": [\n                \"logs:CreateLogGroup\",\n                \"logs:CreateLogStream\",\n                \"logs:PutLogEvents\"\n            ],\n            \"Resource\": \"*\"\n    }\n    \n  ]\n} "
          },
          "private": "bnVsbA==",
          "depends_on": [
            "aws_dynamodb_table.bookings"
          ]
        }
      ]
    },
    {
      "module": "module.users",
      "mode": "managed",
      "type": "aws_iam_policy",
      "name": "login_policy",
      "provider": "provider.aws",
      "instances": [
        {
          "schema_version": 0,
          "attributes": {
            "arn": "arn:aws:iam::364350264218:policy/prod-login-policy",
            "description": "",
            "id": "arn:aws:iam::364350264218:policy/prod-login-policy",
            "name": "prod-login-policy",
            "name_prefix": null,
            "path": "/",
            "policy": "{\n  \"Version\": \"2012-10-17\",\n  \"Statement\": [\n    {\n      \"Action\": [\n        \"dynamodb:Query\"\n      ],\n      \"Effect\": \"Allow\",\n      \"Resource\": \"arn:aws:dynamodb:us-east-1:364350264218:table/prod-users/index/prod-email-gsi\"\n    },\n    {\n            \"Effect\": \"Allow\",\n            \"Action\": [\n                \"logs:CreateLogGroup\",\n                \"logs:CreateLogStream\",\n                \"logs:PutLogEvents\"\n            ],\n            \"Resource\": \"*\"\n        }\n  ]\n} "
          },
          "private": "bnVsbA==",
          "depends_on": [
            "aws_dynamodb_table.users"
          ]
        }
      ]
    },
    {
      "module": "module.users",
      "mode": "managed",
      "type": "aws_iam_policy",
      "name": "register_policy",
      "provider": "provider.aws",
      "instances": [
        {
          "schema_version": 0,
          "attributes": {
            "arn": "arn:aws:iam::364350264218:policy/prod-register-policy",
            "description": "",
            "id": "arn:aws:iam::364350264218:policy/prod-register-policy",
            "name": "prod-register-policy",
            "name_prefix": null,
            "path": "/",
            "policy": "{\n  \"Version\": \"2012-10-17\",\n  \"Statement\": [\n    {\n      \"Action\": [\n        \"dynamodb:PutItem\"\n      ],\n      \"Effect\": \"Allow\",\n      \"Resource\": \"arn:aws:dynamodb:us-east-1:364350264218:table/prod-users\"\n    },\n    {\n            \"Effect\": \"Allow\",\n            \"Action\": [\n                \"logs:CreateLogGroup\",\n                \"logs:CreateLogStream\",\n                \"logs:PutLogEvents\"\n            ],\n            \"Resource\": \"*\"\n        }\n  ]\n} "
          },
          "private": "bnVsbA==",
          "depends_on": [
            "aws_dynamodb_table.users"
          ]
        }
      ]
    },
    {
      "module": "module.notifications",
      "mode": "managed",
      "type": "aws_iam_policy",
      "name": "sms_policy",
      "provider": "provider.aws",
      "instances": [
        {
          "schema_version": 0,
          "attributes": {
            "arn": "arn:aws:iam::364350264218:policy/prod-sms-policy",
            "description": "",
            "id": "arn:aws:iam::364350264218:policy/prod-sms-policy",
            "name": "prod-sms-policy",
            "name_prefix": null,
            "path": "/",
            "policy": "{\n  \"Version\": \"2012-10-17\",\n  \"Statement\": [\n    {\n      \"Action\": [\n        \"sqs:ReceiveMessage\",\"sqs:DeleteMessage\",\"sqs:GetQueueAttributes\"\n      ],\n      \"Effect\": \"Allow\",\n      \"Resource\": \"arn:aws:sqs:us-east-1:364350264218:prod-sms-queue\"\n    },\n    {\n            \"Effect\": \"Allow\",\n            \"Action\": [\n                \"logs:CreateLogGroup\",\n                \"logs:CreateLogStream\",\n                \"logs:PutLogEvents\"\n            ],\n            \"Resource\": \"*\"\n    }\n  ]\n} "
          },
          "private": "bnVsbA==",
          "depends_on": [
            "aws_sqs_queue.sms"
          ]
        }
      ]
    },
    {
      "module": "module.bookings",
      "mode": "managed",
      "type": "aws_iam_policy_attachment",
      "name": "bookings_stream_consumer_policy_attachment",
      "provider": "provider.aws",
      "instances": [
        {
          "schema_version": 0,
          "attributes": {
            "groups": null,
            "id": "prod-bookings-stream-consumer-attachment",
            "name": "prod-bookings-stream-consumer-attachment",
            "policy_arn": "arn:aws:iam::364350264218:policy/prod-bookings-stream-consumer-policy",
            "roles": [
              "prod-bookings-stream-consumer-iam-role"
            ],
            "users": null
          },
          "private": "bnVsbA==",
          "depends_on": [
            "aws_iam_policy.bookings_stream_consumer_policy",
            "aws_iam_role.bookings_stream_consumer_iam_role"
          ]
        }
      ]
    },
    {
      "module": "module.bookings",
      "mode": "managed",
      "type": "aws_iam_policy_attachment",
      "name": "create_booking_policy_attachment",
      "provider": "provider.aws",
      "instances": [
        {
          "schema_version": 0,
          "attributes": {
            "groups": null,
            "id": "prod-create-booking-attachment",
            "name": "prod-create-booking-attachment",
            "policy_arn": "arn:aws:iam::364350264218:policy/prod-create-booking-policy",
            "roles": [
              "prod-create-booking-iam-role"
            ],
            "users": null
          },
          "private": "bnVsbA==",
          "depends_on": [
            "aws_iam_policy.create_booking_policy",
            "aws_iam_role.create_booking_iam_role"
          ]
        }
      ]
    },
    {
      "module": "module.notifications",
      "mode": "managed",
      "type": "aws_iam_policy_attachment",
      "name": "email_policy_attachment",
      "provider": "provider.aws",
      "instances": [
        {
          "schema_version": 0,
          "attributes": {
            "groups": null,
            "id": "prod-email-attachment",
            "name": "prod-email-attachment",
            "policy_arn": "arn:aws:iam::364350264218:policy/prod-email-policy",
            "roles": [
              "prod-email-iam-role"
            ],
            "users": null
          },
          "private": "bnVsbA==",
          "depends_on": [
            "aws_iam_policy.email_policy",
            "aws_iam_role.email_iam_role"
          ]
        }
      ]
    },
    {
      "module": "module.bookings",
      "mode": "managed",
      "type": "aws_iam_policy_attachment",
      "name": "list_bookings_policy_attachment",
      "provider": "provider.aws",
      "instances": [
        {
          "schema_version": 0,
          "attributes": {
            "groups": null,
            "id": "prod-list-bookings-attachment",
            "name": "prod-list-bookings-attachment",
            "policy_arn": "arn:aws:iam::364350264218:policy/prod-list-bookings-policy",
            "roles": [
              "prod-list-bookings-iam-role"
            ],
            "users": null
          },
          "private": "bnVsbA==",
          "depends_on": [
            "aws_iam_policy.list_bookings_policy",
            "aws_iam_role.list_bookings_iam_role"
          ]
        }
      ]
    },
    {
      "module": "module.users",
      "mode": "managed",
      "type": "aws_iam_policy_attachment",
      "name": "login_policy_attachment",
      "provider": "provider.aws",
      "instances": [
        {
          "schema_version": 0,
          "attributes": {
            "groups": null,
            "id": "prod-login-attachment",
            "name": "prod-login-attachment",
            "policy_arn": "arn:aws:iam::364350264218:policy/prod-login-policy",
            "roles": [
              "prod-login-iam-role"
            ],
            "users": null
          },
          "private": "bnVsbA==",
          "depends_on": [
            "aws_iam_policy.login_policy",
            "aws_iam_role.login_iam_role"
          ]
        }
      ]
    },
    {
      "module": "module.users",
      "mode": "managed",
      "type": "aws_iam_policy_attachment",
      "name": "register_policy_attachment",
      "provider": "provider.aws",
      "instances": [
        {
          "schema_version": 0,
          "attributes": {
            "groups": null,
            "id": "prod-register-attachment",
            "name": "prod-register-attachment",
            "policy_arn": "arn:aws:iam::364350264218:policy/prod-register-policy",
            "roles": [
              "prod-register-iam-role"
            ],
            "users": null
          },
          "private": "bnVsbA==",
          "depends_on": [
            "aws_iam_policy.register_policy",
            "aws_iam_role.register_iam_role"
          ]
        }
      ]
    },
    {
      "module": "module.notifications",
      "mode": "managed",
      "type": "aws_iam_policy_attachment",
      "name": "sms_policy_attachment",
      "provider": "provider.aws",
      "instances": [
        {
          "schema_version": 0,
          "attributes": {
            "groups": null,
            "id": "prod-sms-attachment",
            "name": "prod-sms-attachment",
            "policy_arn": "arn:aws:iam::364350264218:policy/prod-sms-policy",
            "roles": [
              "prod-sms-iam-role"
            ],
            "users": null
          },
          "private": "bnVsbA==",
          "depends_on": [
            "aws_iam_policy.sms_policy",
            "aws_iam_role.sms_iam_role"
          ]
        }
      ]
    },
    {
      "module": "module.bookings",
      "mode": "managed",
      "type": "aws_iam_role",
      "name": "bookings_stream_consumer_iam_role",
      "provider": "provider.aws",
      "instances": [
        {
          "schema_version": 0,
          "attributes": {
            "arn": "arn:aws:iam::364350264218:role/prod-bookings-stream-consumer-iam-role",
            "assume_role_policy": "{\"Version\":\"2012-10-17\",\"Statement\":[{\"Sid\":\"\",\"Effect\":\"Allow\",\"Principal\":{\"Service\":\"lambda.amazonaws.com\"},\"Action\":\"sts:AssumeRole\"}]}",
            "create_date": "2019-07-29T22:47:19Z",
            "description": "",
            "force_detach_policies": false,
            "id": "prod-bookings-stream-consumer-iam-role",
            "max_session_duration": 3600,
            "name": "prod-bookings-stream-consumer-iam-role",
            "name_prefix": null,
            "path": "/",
            "permissions_boundary": null,
            "tags": null,
            "unique_id": "AROAVJVHX2ONNJXRBZJ2H"
          },
          "private": "bnVsbA=="
        }
      ]
    },
    {
      "module": "module.bookings",
      "mode": "managed",
      "type": "aws_iam_role",
      "name": "create_booking_iam_role",
      "provider": "provider.aws",
      "instances": [
        {
          "schema_version": 0,
          "attributes": {
            "arn": "arn:aws:iam::364350264218:role/prod-create-booking-iam-role",
            "assume_role_policy": "{\"Version\":\"2012-10-17\",\"Statement\":[{\"Sid\":\"\",\"Effect\":\"Allow\",\"Principal\":{\"Service\":\"lambda.amazonaws.com\"},\"Action\":\"sts:AssumeRole\"}]}",
            "create_date": "2019-07-29T22:47:21Z",
            "description": "",
            "force_detach_policies": false,
            "id": "prod-create-booking-iam-role",
            "max_session_duration": 3600,
            "name": "prod-create-booking-iam-role",
            "name_prefix": null,
            "path": "/",
            "permissions_boundary": null,
            "tags": null,
            "unique_id": "AROAVJVHX2ONDBSUTKYG7"
          },
          "private": "bnVsbA=="
        }
      ]
    },
    {
      "module": "module.notifications",
      "mode": "managed",
      "type": "aws_iam_role",
      "name": "email_iam_role",
      "provider": "provider.aws",
      "instances": [
        {
          "schema_version": 0,
          "attributes": {
            "arn": "arn:aws:iam::364350264218:role/prod-email-iam-role",
            "assume_role_policy": "{\"Version\":\"2012-10-17\",\"Statement\":[{\"Sid\":\"\",\"Effect\":\"Allow\",\"Principal\":{\"Service\":\"lambda.amazonaws.com\"},\"Action\":\"sts:AssumeRole\"}]}",
            "create_date": "2019-07-29T22:47:21Z",
            "description": "",
            "force_detach_policies": false,
            "id": "prod-email-iam-role",
            "max_session_duration": 3600,
            "name": "prod-email-iam-role",
            "name_prefix": null,
            "path": "/",
            "permissions_boundary": null,
            "tags": null,
            "unique_id": "AROAVJVHX2ONPKEOISZEK"
          },
          "private": "bnVsbA=="
        }
      ]
    },
    {
      "module": "module.bookings",
      "mode": "managed",
      "type": "aws_iam_role",
      "name": "list_bookings_iam_role",
      "provider": "provider.aws",
      "instances": [
        {
          "schema_version": 0,
          "attributes": {
            "arn": "arn:aws:iam::364350264218:role/prod-list-bookings-iam-role",
            "assume_role_policy": "{\"Version\":\"2012-10-17\",\"Statement\":[{\"Sid\":\"\",\"Effect\":\"Allow\",\"Principal\":{\"Service\":\"lambda.amazonaws.com\"},\"Action\":\"sts:AssumeRole\"}]}",
            "create_date": "2019-07-29T22:47:22Z",
            "description": "",
            "force_detach_policies": false,
            "id": "prod-list-bookings-iam-role",
            "max_session_duration": 3600,
            "name": "prod-list-bookings-iam-role",
            "name_prefix": null,
            "path": "/",
            "permissions_boundary": null,
            "tags": null,
            "unique_id": "AROAVJVHX2ONFHEGNVRLY"
          },
          "private": "bnVsbA=="
        }
      ]
    },
    {
      "module": "module.users",
      "mode": "managed",
      "type": "aws_iam_role",
      "name": "login_iam_role",
      "provider": "provider.aws",
      "instances": [
        {
          "schema_version": 0,
          "attributes": {
            "arn": "arn:aws:iam::364350264218:role/prod-login-iam-role",
            "assume_role_policy": "{\"Version\":\"2012-10-17\",\"Statement\":[{\"Sid\":\"\",\"Effect\":\"Allow\",\"Principal\":{\"Service\":\"lambda.amazonaws.com\"},\"Action\":\"sts:AssumeRole\"}]}",
            "create_date": "2019-07-29T22:47:19Z",
            "description": "",
            "force_detach_policies": false,
            "id": "prod-login-iam-role",
            "max_session_duration": 3600,
            "name": "prod-login-iam-role",
            "name_prefix": null,
            "path": "/",
            "permissions_boundary": null,
            "tags": null,
            "unique_id": "AROAVJVHX2ONP6SYHBGFK"
          },
          "private": "bnVsbA=="
        }
      ]
    },
    {
      "module": "module.users",
      "mode": "managed",
      "type": "aws_iam_role",
      "name": "register_iam_role",
      "provider": "provider.aws",
      "instances": [
        {
          "schema_version": 0,
          "attributes": {
            "arn": "arn:aws:iam::364350264218:role/prod-register-iam-role",
            "assume_role_policy": "{\"Version\":\"2012-10-17\",\"Statement\":[{\"Sid\":\"\",\"Effect\":\"Allow\",\"Principal\":{\"Service\":\"lambda.amazonaws.com\"},\"Action\":\"sts:AssumeRole\"}]}",
            "create_date": "2019-07-29T22:47:19Z",
            "description": "",
            "force_detach_policies": false,
            "id": "prod-register-iam-role",
            "max_session_duration": 3600,
            "name": "prod-register-iam-role",
            "name_prefix": null,
            "path": "/",
            "permissions_boundary": null,
            "tags": null,
            "unique_id": "AROAVJVHX2ONGEUPPEWSL"
          },
          "private": "bnVsbA=="
        }
      ]
    },
    {
      "module": "module.notifications",
      "mode": "managed",
      "type": "aws_iam_role",
      "name": "sms_iam_role",
      "provider": "provider.aws",
      "instances": [
        {
          "schema_version": 0,
          "attributes": {
            "arn": "arn:aws:iam::364350264218:role/prod-sms-iam-role",
            "assume_role_policy": "{\"Version\":\"2012-10-17\",\"Statement\":[{\"Sid\":\"\",\"Effect\":\"Allow\",\"Principal\":{\"Service\":\"lambda.amazonaws.com\"},\"Action\":\"sts:AssumeRole\"}]}",
            "create_date": "2019-07-29T22:47:20Z",
            "description": "",
            "force_detach_policies": false,
            "id": "prod-sms-iam-role",
            "max_session_duration": 3600,
            "name": "prod-sms-iam-role",
            "name_prefix": null,
            "path": "/",
            "permissions_boundary": null,
            "tags": null,
            "unique_id": "AROAVJVHX2ONK4J5CY4TC"
          },
          "private": "bnVsbA=="
        }
      ]
    },
    {
      "module": "module.notifications",
      "mode": "managed",
      "type": "aws_sns_topic",
      "name": "notifications",
      "provider": "provider.aws",
      "instances": [
        {
          "schema_version": 0,
          "attributes": {
            "application_failure_feedback_role_arn": "",
            "application_success_feedback_role_arn": "",
            "application_success_feedback_sample_rate": 0,
            "arn": "arn:aws:sns:us-east-1:364350264218:prod-notifications",
            "delivery_policy": "",
            "display_name": "",
            "http_failure_feedback_role_arn": "",
            "http_success_feedback_role_arn": "",
            "http_success_feedback_sample_rate": 0,
            "id": "arn:aws:sns:us-east-1:364350264218:prod-notifications",
            "kms_master_key_id": "",
            "lambda_failure_feedback_role_arn": "",
            "lambda_success_feedback_role_arn": "",
            "lambda_success_feedback_sample_rate": 0,
            "name": "prod-notifications",
            "name_prefix": null,
            "policy": "{\"Version\":\"2008-10-17\",\"Id\":\"__default_policy_ID\",\"Statement\":[{\"Sid\":\"__default_statement_ID\",\"Effect\":\"Allow\",\"Principal\":{\"AWS\":\"*\"},\"Action\":[\"SNS:GetTopicAttributes\",\"SNS:SetTopicAttributes\",\"SNS:AddPermission\",\"SNS:RemovePermission\",\"SNS:DeleteTopic\",\"SNS:Subscribe\",\"SNS:ListSubscriptionsByTopic\",\"SNS:Publish\",\"SNS:Receive\"],\"Resource\":\"arn:aws:sns:us-east-1:364350264218:prod-notifications\",\"Condition\":{\"StringEquals\":{\"AWS:SourceOwner\":\"364350264218\"}}}]}",
            "sqs_failure_feedback_role_arn": "",
            "sqs_success_feedback_role_arn": "",
            "sqs_success_feedback_sample_rate": 0,
            "tags": null
          },
          "private": "bnVsbA=="
        }
      ]
    },
    {
      "module": "module.notifications",
      "mode": "managed",
      "type": "aws_sns_topic_subscription",
      "name": "email_subscription",
      "provider": "provider.aws",
      "instances": [
        {
          "schema_version": 0,
          "attributes": {
            "arn": "arn:aws:sns:us-east-1:364350264218:prod-notifications:9ee38ad2-0390-4877-bcb3-5224acf4cb2f",
            "confirmation_timeout_in_minutes": 1,
            "delivery_policy": "",
            "endpoint": "arn:aws:sqs:us-east-1:364350264218:prod-email-queue",
            "endpoint_auto_confirms": false,
            "filter_policy": "",
            "id": "arn:aws:sns:us-east-1:364350264218:prod-notifications:9ee38ad2-0390-4877-bcb3-5224acf4cb2f",
            "protocol": "sqs",
            "raw_message_delivery": false,
            "topic_arn": "arn:aws:sns:us-east-1:364350264218:prod-notifications"
          },
          "private": "bnVsbA==",
          "depends_on": [
            "aws_sns_topic.notifications",
            "aws_sqs_queue.email"
          ]
        }
      ]
    },
    {
      "module": "module.notifications",
      "mode": "managed",
      "type": "aws_sns_topic_subscription",
      "name": "sms_subscription",
      "provider": "provider.aws",
      "instances": [
        {
          "schema_version": 0,
          "attributes": {
            "arn": "arn:aws:sns:us-east-1:364350264218:prod-notifications:91e1ab1d-75ab-43bc-8dce-9119491aa70f",
            "confirmation_timeout_in_minutes": 1,
            "delivery_policy": "",
            "endpoint": "arn:aws:sqs:us-east-1:364350264218:prod-sms-queue",
            "endpoint_auto_confirms": false,
            "filter_policy": "",
            "id": "arn:aws:sns:us-east-1:364350264218:prod-notifications:91e1ab1d-75ab-43bc-8dce-9119491aa70f",
            "protocol": "sqs",
            "raw_message_delivery": false,
            "topic_arn": "arn:aws:sns:us-east-1:364350264218:prod-notifications"
          },
          "private": "bnVsbA==",
          "depends_on": [
            "aws_sns_topic.notifications",
            "aws_sqs_queue.sms"
          ]
        }
      ]
    },
    {
      "module": "module.notifications",
      "mode": "managed",
      "type": "aws_sqs_queue",
      "name": "email",
      "provider": "provider.aws",
      "instances": [
        {
          "schema_version": 0,
          "attributes": {
            "arn": "arn:aws:sqs:us-east-1:364350264218:prod-email-queue",
            "content_based_deduplication": false,
            "delay_seconds": 0,
            "fifo_queue": false,
            "id": "https://sqs.us-east-1.amazonaws.com/364350264218/prod-email-queue",
            "kms_data_key_reuse_period_seconds": 300,
            "kms_master_key_id": "",
            "max_message_size": 262144,
            "message_retention_seconds": 345600,
            "name": "prod-email-queue",
            "name_prefix": null,
            "policy": "{\"Version\":\"2012-10-17\",\"Statement\":[{\"Effect\":\"Allow\",\"Principal\":\"*\",\"Action\":\"sqs:SendMessage\",\"Resource\":\"arn:aws:sqs:us-east-1:364350264218:prod-email-queue\",\"Condition\":{\"ArnEquals\":{\"aws:SourceArn\":\"arn:aws:sns:us-east-1:364350264218:prod-notifications\"}}}]}",
            "receive_wait_time_seconds": 0,
            "redrive_policy": "{\"deadLetterTargetArn\":\"arn:aws:sqs:us-east-1:364350264218:prod-email-queue-dlq\",\"maxReceiveCount\":3}",
            "tags": null,
            "visibility_timeout_seconds": 30
          },
          "private": "bnVsbA==",
          "depends_on": [
            "aws_sns_topic.notifications",
            "aws_sqs_queue.email_dlq"
          ]
        }
      ]
    },
    {
      "module": "module.notifications",
      "mode": "managed",
      "type": "aws_sqs_queue",
      "name": "email_dlq",
      "provider": "provider.aws",
      "instances": [
        {
          "schema_version": 0,
          "attributes": {
            "arn": "arn:aws:sqs:us-east-1:364350264218:prod-email-queue-dlq",
            "content_based_deduplication": false,
            "delay_seconds": 0,
            "fifo_queue": false,
            "id": "https://sqs.us-east-1.amazonaws.com/364350264218/prod-email-queue-dlq",
            "kms_data_key_reuse_period_seconds": 300,
            "kms_master_key_id": "",
            "max_message_size": 262144,
            "message_retention_seconds": 345600,
            "name": "prod-email-queue-dlq",
            "name_prefix": null,
            "policy": "",
            "receive_wait_time_seconds": 0,
            "redrive_policy": "",
            "tags": null,
            "visibility_timeout_seconds": 30
          },
          "private": "bnVsbA=="
        }
      ]
    },
    {
      "module": "module.notifications",
      "mode": "managed",
      "type": "aws_sqs_queue",
      "name": "sms",
      "provider": "provider.aws",
      "instances": [
        {
          "schema_version": 0,
          "attributes": {
            "arn": "arn:aws:sqs:us-east-1:364350264218:prod-sms-queue",
            "content_based_deduplication": false,
            "delay_seconds": 0,
            "fifo_queue": false,
            "id": "https://sqs.us-east-1.amazonaws.com/364350264218/prod-sms-queue",
            "kms_data_key_reuse_period_seconds": 300,
            "kms_master_key_id": "",
            "max_message_size": 262144,
            "message_retention_seconds": 345600,
            "name": "prod-sms-queue",
            "name_prefix": null,
            "policy": "{\"Version\":\"2012-10-17\",\"Statement\":[{\"Effect\":\"Allow\",\"Principal\":\"*\",\"Action\":\"sqs:SendMessage\",\"Resource\":\"arn:aws:sqs:us-east-1:364350264218:prod-sms-queue\",\"Condition\":{\"ArnEquals\":{\"aws:SourceArn\":\"arn:aws:sns:us-east-1:364350264218:prod-notifications\"}}}]}",
            "receive_wait_time_seconds": 0,
            "redrive_policy": "{\"deadLetterTargetArn\":\"arn:aws:sqs:us-east-1:364350264218:prod-sms-queue-dlq\",\"maxReceiveCount\":3}",
            "tags": null,
            "visibility_timeout_seconds": 30
          },
          "private": "bnVsbA==",
          "depends_on": [
            "aws_sns_topic.notifications",
            "aws_sqs_queue.sms_dlq"
          ]
        }
      ]
    },
    {
      "module": "module.notifications",
      "mode": "managed",
      "type": "aws_sqs_queue",
      "name": "sms_dlq",
      "provider": "provider.aws",
      "instances": [
        {
          "schema_version": 0,
          "attributes": {
            "arn": "arn:aws:sqs:us-east-1:364350264218:prod-sms-queue-dlq",
            "content_based_deduplication": false,
            "delay_seconds": 0,
            "fifo_queue": false,
            "id": "https://sqs.us-east-1.amazonaws.com/364350264218/prod-sms-queue-dlq",
            "kms_data_key_reuse_period_seconds": 300,
            "kms_master_key_id": "",
            "max_message_size": 262144,
            "message_retention_seconds": 345600,
            "name": "prod-sms-queue-dlq",
            "name_prefix": null,
            "policy": "",
            "receive_wait_time_seconds": 0,
            "redrive_policy": "",
            "tags": null,
            "visibility_timeout_seconds": 30
          },
          "private": "bnVsbA=="
        }
      ]
    },
    {
      "module": "module.bookings",
      "mode": "managed",
      "type": "aws_ssm_parameter",
      "name": "bookings_stream_consumer_iam_role",
      "provider": "provider.aws",
      "instances": [
        {
          "schema_version": 0,
          "attributes": {
            "allowed_pattern": "",
            "arn": "arn:aws:ssm:us-east-1:364350264218:parameter/prod-bookings-stream-consumer-iam-role",
            "description": "",
            "id": "prod-bookings-stream-consumer-iam-role",
            "key_id": "",
            "name": "prod-bookings-stream-consumer-iam-role",
            "overwrite": null,
            "tags": null,
            "tier": "Standard",
            "type": "String",
            "value": "arn:aws:iam::364350264218:role/prod-bookings-stream-consumer-iam-role",
            "version": 1
          },
          "private": "bnVsbA==",
          "depends_on": [
            "aws_iam_role.bookings_stream_consumer_iam_role"
          ]
        }
      ]
    },
    {
      "module": "module.bookings",
      "mode": "managed",
      "type": "aws_ssm_parameter",
      "name": "create_booking_iam_role",
      "provider": "provider.aws",
      "instances": [
        {
          "schema_version": 0,
          "attributes": {
            "allowed_pattern": "",
            "arn": "arn:aws:ssm:us-east-1:364350264218:parameter/prod-create-booking-iam-role",
            "description": "",
            "id": "prod-create-booking-iam-role",
            "key_id": "",
            "name": "prod-create-booking-iam-role",
            "overwrite": null,
            "tags": null,
            "tier": "Standard",
            "type": "String",
            "value": "arn:aws:iam::364350264218:role/prod-create-booking-iam-role",
            "version": 1
          },
          "private": "bnVsbA==",
          "depends_on": [
            "aws_iam_role.create_booking_iam_role"
          ]
        }
      ]
    },
    {
      "module": "module.bookings",
      "mode": "managed",
      "type": "aws_ssm_parameter",
      "name": "dynamodb_bookings_stream",
      "provider": "provider.aws",
      "instances": [
        {
          "schema_version": 0,
          "attributes": {
            "allowed_pattern": "",
            "arn": "arn:aws:ssm:us-east-1:364350264218:parameter/prod-dynamodb-bookings-stream",
            "description": "",
            "id": "prod-dynamodb-bookings-stream",
            "key_id": "",
            "name": "prod-dynamodb-bookings-stream",
            "overwrite": null,
            "tags": null,
            "tier": "Standard",
            "type": "String",
            "value": "arn:aws:dynamodb:us-east-1:364350264218:table/prod-bookings/stream/2019-07-29T22:47:19.136",
            "version": 1
          },
          "private": "bnVsbA==",
          "depends_on": [
            "aws_dynamodb_table.bookings"
          ]
        }
      ]
    },
    {
      "module": "module.bookings",
      "mode": "managed",
      "type": "aws_ssm_parameter",
      "name": "dynamodb_bookings_table",
      "provider": "provider.aws",
      "instances": [
        {
          "schema_version": 0,
          "attributes": {
            "allowed_pattern": "",
            "arn": "arn:aws:ssm:us-east-1:364350264218:parameter/prod-dynamodb-bookings-table",
            "description": "",
            "id": "prod-dynamodb-bookings-table",
            "key_id": "",
            "name": "prod-dynamodb-bookings-table",
            "overwrite": null,
            "tags": null,
            "tier": "Standard",
            "type": "String",
            "value": "prod-bookings",
            "version": 1
          },
          "private": "bnVsbA==",
          "depends_on": [
            "aws_dynamodb_table.bookings"
          ]
        }
      ]
    },
    {
      "module": "module.users",
      "mode": "managed",
      "type": "aws_ssm_parameter",
      "name": "dynamodb_users_table",
      "provider": "provider.aws",
      "instances": [
        {
          "schema_version": 0,
          "attributes": {
            "allowed_pattern": "",
            "arn": "arn:aws:ssm:us-east-1:364350264218:parameter/prod-dynamodb-users-table",
            "description": "",
            "id": "prod-dynamodb-users-table",
            "key_id": "",
            "name": "prod-dynamodb-users-table",
            "overwrite": null,
            "tags": null,
            "tier": "Standard",
            "type": "String",
            "value": "prod-users",
            "version": 1
          },
          "private": "bnVsbA==",
          "depends_on": [
            "aws_dynamodb_table.users"
          ]
        }
      ]
    },
    {
      "module": "module.users",
      "mode": "managed",
      "type": "aws_ssm_parameter",
      "name": "email-gsi",
      "provider": "provider.aws",
      "instances": [
        {
          "schema_version": 0,
          "attributes": {
            "allowed_pattern": "",
            "arn": "arn:aws:ssm:us-east-1:364350264218:parameter/prod-email-gsi",
            "description": "",
            "id": "prod-email-gsi",
            "key_id": "",
            "name": "prod-email-gsi",
            "overwrite": null,
            "tags": null,
            "tier": "Standard",
            "type": "String",
            "value": "prod-email-gsi",
            "version": 1
          },
          "private": "bnVsbA=="
        }
      ]
    },
    {
      "module": "module.notifications",
      "mode": "managed",
      "type": "aws_ssm_parameter",
      "name": "email-sqs",
      "provider": "provider.aws",
      "instances": [
        {
          "schema_version": 0,
          "attributes": {
            "allowed_pattern": "",
            "arn": "arn:aws:ssm:us-east-1:364350264218:parameter/prod-email-sqs",
            "description": "",
            "id": "prod-email-sqs",
            "key_id": "",
            "name": "prod-email-sqs",
            "overwrite": null,
            "tags": null,
            "tier": "Standard",
            "type": "String",
            "value": "arn:aws:sqs:us-east-1:364350264218:prod-email-queue",
            "version": 1
          },
          "private": "bnVsbA==",
          "depends_on": [
            "aws_sqs_queue.email"
          ]
        }
      ]
    },
    {
      "module": "module.system",
      "mode": "managed",
      "type": "aws_ssm_parameter",
      "name": "email_from",
      "provider": "provider.aws",
      "instances": [
        {
          "schema_version": 0,
          "attributes": {
            "allowed_pattern": "",
            "arn": "arn:aws:ssm:us-east-1:364350264218:parameter/prod-email-from",
            "description": "",
            "id": "prod-email-from",
            "key_id": "",
            "name": "prod-email-from",
            "overwrite": null,
            "tags": null,
            "tier": "Standard",
            "type": "String",
            "value": "tminussi@zoho.com",
            "version": 1
          },
          "private": "bnVsbA=="
        }
      ]
    },
    {
      "module": "module.system",
      "mode": "managed",
      "type": "aws_ssm_parameter",
      "name": "email_from_password",
      "provider": "provider.aws",
      "instances": [
        {
          "schema_version": 0,
          "attributes": {
            "allowed_pattern": "",
            "arn": "arn:aws:ssm:us-east-1:364350264218:parameter/prod-email-from-password",
            "description": "",
            "id": "prod-email-from-password",
            "key_id": "",
            "name": "prod-email-from-password",
            "overwrite": null,
            "tags": null,
            "tier": "Standard",
            "type": "String",
            "value": "curso-serverless-terraform123!",
            "version": 1
          },
          "private": "bnVsbA=="
        }
      ]
    },
    {
      "module": "module.notifications",
      "mode": "managed",
      "type": "aws_ssm_parameter",
      "name": "email_iam_role",
      "provider": "provider.aws",
      "instances": [
        {
          "schema_version": 0,
          "attributes": {
            "allowed_pattern": "",
            "arn": "arn:aws:ssm:us-east-1:364350264218:parameter/prod-email-iam-role",
            "description": "",
            "id": "prod-email-iam-role",
            "key_id": "",
            "name": "prod-email-iam-role",
            "overwrite": null,
            "tags": null,
            "tier": "Standard",
            "type": "String",
            "value": "arn:aws:iam::364350264218:role/prod-email-iam-role",
            "version": 1
          },
          "private": "bnVsbA==",
          "depends_on": [
            "aws_iam_role.email_iam_role"
          ]
        }
      ]
    },
    {
      "module": "module.system",
      "mode": "managed",
      "type": "aws_ssm_parameter",
      "name": "email_to",
      "provider": "provider.aws",
      "instances": [
        {
          "schema_version": 0,
          "attributes": {
            "allowed_pattern": "",
            "arn": "arn:aws:ssm:us-east-1:364350264218:parameter/prod-email-to",
            "description": "",
            "id": "prod-email-to",
            "key_id": "",
            "name": "prod-email-to",
            "overwrite": null,
            "tags": null,
            "tier": "Standard",
            "type": "String",
            "value": "tabetagiki@best-mail.net",
            "version": 1
          },
          "private": "bnVsbA=="
        }
      ]
    },
    {
      "module": "module.users",
      "mode": "managed",
      "type": "aws_ssm_parameter",
      "name": "jwt_secret",
      "provider": "provider.aws",
      "instances": [
        {
          "schema_version": 0,
          "attributes": {
            "allowed_pattern": "",
            "arn": "arn:aws:ssm:us-east-1:364350264218:parameter/prod-jwt-secret",
            "description": "",
            "id": "prod-jwt-secret",
            "key_id": "",
            "name": "prod-jwt-secret",
            "overwrite": null,
            "tags": null,
            "tier": "Standard",
            "type": "String",
            "value": "AFH2sLR3tC9nxFWMf2wDyvsjbvkG1Z7ybHCpdcyA4_g",
            "version": 1
          },
          "private": "bnVsbA=="
        }
      ]
    },
    {
      "module": "module.bookings",
      "mode": "managed",
      "type": "aws_ssm_parameter",
      "name": "list_bookings_iam_role",
      "provider": "provider.aws",
      "instances": [
        {
          "schema_version": 0,
          "attributes": {
            "allowed_pattern": "",
            "arn": "arn:aws:ssm:us-east-1:364350264218:parameter/prod-list-bookings-iam-role",
            "description": "",
            "id": "prod-list-bookings-iam-role",
            "key_id": "",
            "name": "prod-list-bookings-iam-role",
            "overwrite": null,
            "tags": null,
            "tier": "Standard",
            "type": "String",
            "value": "arn:aws:iam::364350264218:role/prod-list-bookings-iam-role",
            "version": 1
          },
          "private": "bnVsbA==",
          "depends_on": [
            "aws_iam_role.list_bookings_iam_role"
          ]
        }
      ]
    },
    {
      "module": "module.users",
      "mode": "managed",
      "type": "aws_ssm_parameter",
      "name": "login_iam_role",
      "provider": "provider.aws",
      "instances": [
        {
          "schema_version": 0,
          "attributes": {
            "allowed_pattern": "",
            "arn": "arn:aws:ssm:us-east-1:364350264218:parameter/prod-login-iam-role",
            "description": "",
            "id": "prod-login-iam-role",
            "key_id": "",
            "name": "prod-login-iam-role",
            "overwrite": null,
            "tags": null,
            "tier": "Standard",
            "type": "String",
            "value": "arn:aws:iam::364350264218:role/prod-login-iam-role",
            "version": 1
          },
          "private": "bnVsbA==",
          "depends_on": [
            "aws_iam_role.login_iam_role"
          ]
        }
      ]
    },
    {
      "module": "module.system",
      "mode": "managed",
      "type": "aws_ssm_parameter",
      "name": "message-bird-api-key",
      "provider": "provider.aws",
      "instances": [
        {
          "schema_version": 0,
          "attributes": {
            "allowed_pattern": "",
            "arn": "arn:aws:ssm:us-east-1:364350264218:parameter/prod-message-bird-api-key",
            "description": "",
            "id": "prod-message-bird-api-key",
            "key_id": "",
            "name": "prod-message-bird-api-key",
            "overwrite": null,
            "tags": null,
            "tier": "Standard",
            "type": "String",
            "value": "L61X8HgLyOfSHcr440tcBhhx1",
            "version": 1
          },
          "private": "bnVsbA=="
        }
      ]
    },
    {
      "module": "module.notifications",
      "mode": "managed",
      "type": "aws_ssm_parameter",
      "name": "notifications_topic",
      "provider": "provider.aws",
      "instances": [
        {
          "schema_version": 0,
          "attributes": {
            "allowed_pattern": "",
            "arn": "arn:aws:ssm:us-east-1:364350264218:parameter/prod-notification-topic",
            "description": "",
            "id": "prod-notification-topic",
            "key_id": "",
            "name": "prod-notification-topic",
            "overwrite": null,
            "tags": null,
            "tier": "Standard",
            "type": "String",
            "value": "arn:aws:sns:us-east-1:364350264218:prod-notifications",
            "version": 1
          },
          "private": "bnVsbA==",
          "depends_on": [
            "aws_sns_topic.notifications"
          ]
        }
      ]
    },
    {
      "module": "module.users",
      "mode": "managed",
      "type": "aws_ssm_parameter",
      "name": "register_iam_role",
      "provider": "provider.aws",
      "instances": [
        {
          "schema_version": 0,
          "attributes": {
            "allowed_pattern": "",
            "arn": "arn:aws:ssm:us-east-1:364350264218:parameter/prod-register-iam-role",
            "description": "",
            "id": "prod-register-iam-role",
            "key_id": "",
            "name": "prod-register-iam-role",
            "overwrite": null,
            "tags": null,
            "tier": "Standard",
            "type": "String",
            "value": "arn:aws:iam::364350264218:role/prod-register-iam-role",
            "version": 1
          },
          "private": "bnVsbA==",
          "depends_on": [
            "aws_iam_role.register_iam_role"
          ]
        }
      ]
    },
    {
      "module": "module.system",
      "mode": "managed",
      "type": "aws_ssm_parameter",
      "name": "sms-phone-from",
      "provider": "provider.aws",
      "instances": [
        {
          "schema_version": 0,
          "attributes": {
            "allowed_pattern": "",
            "arn": "arn:aws:ssm:us-east-1:364350264218:parameter/prod-sms-phone-from",
            "description": "",
            "id": "prod-sms-phone-from",
            "key_id": "",
            "name": "prod-sms-phone-from",
            "overwrite": null,
            "tags": null,
            "tier": "Standard",
            "type": "String",
            "value": "+31618553522",
            "version": 1
          },
          "private": "bnVsbA=="
        }
      ]
    },
    {
      "module": "module.system",
      "mode": "managed",
      "type": "aws_ssm_parameter",
      "name": "sms-phone-to",
      "provider": "provider.aws",
      "instances": [
        {
          "schema_version": 0,
          "attributes": {
            "allowed_pattern": "",
            "arn": "arn:aws:ssm:us-east-1:364350264218:parameter/prod-sms-phone-to",
            "description": "",
            "id": "prod-sms-phone-to",
            "key_id": "",
            "name": "prod-sms-phone-to",
            "overwrite": null,
            "tags": null,
            "tier": "Standard",
            "type": "String",
            "value": "+31618553522",
            "version": 1
          },
          "private": "bnVsbA=="
        }
      ]
    },
    {
      "module": "module.notifications",
      "mode": "managed",
      "type": "aws_ssm_parameter",
      "name": "sms-sqs",
      "provider": "provider.aws",
      "instances": [
        {
          "schema_version": 0,
          "attributes": {
            "allowed_pattern": "",
            "arn": "arn:aws:ssm:us-east-1:364350264218:parameter/prod-sms-sqs",
            "description": "",
            "id": "prod-sms-sqs",
            "key_id": "",
            "name": "prod-sms-sqs",
            "overwrite": null,
            "tags": null,
            "tier": "Standard",
            "type": "String",
            "value": "arn:aws:sqs:us-east-1:364350264218:prod-sms-queue",
            "version": 1
          },
          "private": "bnVsbA==",
          "depends_on": [
            "aws_sqs_queue.sms"
          ]
        }
      ]
    },
    {
      "module": "module.notifications",
      "mode": "managed",
      "type": "aws_ssm_parameter",
      "name": "sms_iam_role",
      "provider": "provider.aws",
      "instances": [
        {
          "schema_version": 0,
          "attributes": {
            "allowed_pattern": "",
            "arn": "arn:aws:ssm:us-east-1:364350264218:parameter/prod-sms-iam-role",
            "description": "",
            "id": "prod-sms-iam-role",
            "key_id": "",
            "name": "prod-sms-iam-role",
            "overwrite": null,
            "tags": null,
            "tier": "Standard",
            "type": "String",
            "value": "arn:aws:iam::364350264218:role/prod-sms-iam-role",
            "version": 1
          },
          "private": "bnVsbA==",
          "depends_on": [
            "aws_iam_role.sms_iam_role"
          ]
        }
      ]
    },
    {
      "module": "module.system",
      "mode": "managed",
      "type": "aws_ssm_parameter",
      "name": "smtp_server",
      "provider": "provider.aws",
      "instances": [
        {
          "schema_version": 0,
          "attributes": {
            "allowed_pattern": "",
            "arn": "arn:aws:ssm:us-east-1:364350264218:parameter/prod-smtp-server",
            "description": "",
            "id": "prod-smtp-server",
            "key_id": "",
            "name": "prod-smtp-server",
            "overwrite": null,
            "tags": null,
            "tier": "Standard",
            "type": "String",
            "value": "smtp.zoho.com",
            "version": 1
          },
          "private": "bnVsbA=="
        }
      ]
    }
  ]
}
